
Microsoft Visual Studio Solution File, Format Version 12.00
# Visual Studio Version 16
VisualStudioVersion = 16.0.30907.101
MinimumVisualStudioVersion = 10.0.40219.1
Project("{2150E333-8FDC-42A3-9474-1A3956D46DE8}") = "src", "src", "{D043E434-99F2-48FF-AD45-A463703EC7E9}"
EndProject
Project("{2150E333-8FDC-42A3-9474-1A3956D46DE8}") = "APIGateways", "APIGateways", "{B8A59E73-7CF8-4943-8442-A2937B4A466C}"
EndProject
Project("{2150E333-8FDC-42A3-9474-1A3956D46DE8}") = "Ocelot", "Ocelot", "{5AB213F2-2277-4441-980B-2C9B0ADBAC2E}"
EndProject
Project("{9A19103F-16F7-4668-BE54-9A1E7A4F7556}") = "Exam.APIGataway", "src\APIGateways\Ocelot\Exam.APIGataway\Exam.APIGataway.csproj", "{9B4952F2-6F1C-445E-931E-11050428AD3B}"
EndProject
Project("{2150E333-8FDC-42A3-9474-1A3956D46DE8}") = "Services", "Services", "{A0EBF51C-38F0-44B4-B53F-A8CFDC3E2875}"
EndProject
Project("{2150E333-8FDC-42A3-9474-1A3956D46DE8}") = "City", "City", "{FF99026D-FE32-4898-83E8-857058F3A056}"
EndProject
Project("{2150E333-8FDC-42A3-9474-1A3956D46DE8}") = "County", "County", "{59BBDBF1-3341-465A-B51B-B2A9331C79E1}"
EndProject
Project("{9A19103F-16F7-4668-BE54-9A1E7A4F7556}") = "Exam.City", "src\Services\City\Exam.City\Exam.City.csproj", "{089B805A-96BD-4310-BEB1-484ED643F797}"
EndProject
Project("{9A19103F-16F7-4668-BE54-9A1E7A4F7556}") = "Exam.County", "src\Services\County\Exam.County\Exam.County.csproj", "{AD86BBD3-369D-4166-8379-6AF8CC19C9FA}"
EndProject
Global
	GlobalSection(SolutionConfigurationPlatforms) = preSolution
		Debug|Any CPU = Debug|Any CPU
		Release|Any CPU = Release|Any CPU
	EndGlobalSection
	GlobalSection(ProjectConfigurationPlatforms) = postSolution
		{9B4952F2-6F1C-445E-931E-11050428AD3B}.Debug|Any CPU.ActiveCfg = Debug|Any CPU
		{9B4952F2-6F1C-445E-931E-11050428AD3B}.Debug|Any CPU.Build.0 = Debug|Any CPU
		{9B4952F2-6F1C-445E-931E-11050428AD3B}.Release|Any CPU.ActiveCfg = Release|Any CPU
		{9B4952F2-6F1C-445E-931E-11050428AD3B}.Release|Any CPU.Build.0 = Release|Any CPU
		{089B805A-96BD-4310-BEB1-484ED643F797}.Debug|Any CPU.ActiveCfg = Debug|Any CPU
		{089B805A-96BD-4310-BEB1-484ED643F797}.Debug|Any CPU.Build.0 = Debug|Any CPU
		{089B805A-96BD-4310-BEB1-484ED643F797}.Release|Any CPU.ActiveCfg = Release|Any CPU
		{089B805A-96BD-4310-BEB1-484ED643F797}.Release|Any CPU.Build.0 = Release|Any CPU
		{AD86BBD3-369D-4166-8379-6AF8CC19C9FA}.Debug|Any CPU.ActiveCfg = Debug|Any CPU
		{AD86BBD3-369D-4166-8379-6AF8CC19C9FA}.Debug|Any CPU.Build.0 = Debug|Any CPU
		{AD86BBD3-369D-4166-8379-6AF8CC19C9FA}.Release|Any CPU.ActiveCfg = Release|Any CPU
		{AD86BBD3-369D-4166-8379-6AF8CC19C9FA}.Release|Any CPU.Build.0 = Release|Any CPU
	EndGlobalSection
	GlobalSection(SolutionProperties) = preSolution
		HideSolutionNode = FALSE
	EndGlobalSection
	GlobalSection(NestedProjects) = preSolution
		{B8A59E73-7CF8-4943-8442-A2937B4A466C} = {D043E434-99F2-48FF-AD45-A463703EC7E9}
		{5AB213F2-2277-4441-980B-2C9B0ADBAC2E} = {B8A59E73-7CF8-4943-8442-A2937B4A466C}
		{9B4952F2-6F1C-445E-931E-11050428AD3B} = {5AB213F2-2277-4441-980B-2C9B0ADBAC2E}
		{A0EBF51C-38F0-44B4-B53F-A8CFDC3E2875} = {D043E434-99F2-48FF-AD45-A463703EC7E9}
		{FF99026D-FE32-4898-83E8-857058F3A056} = {A0EBF51C-38F0-44B4-B53F-A8CFDC3E2875}
		{59BBDBF1-3341-465A-B51B-B2A9331C79E1} = {A0EBF51C-38F0-44B4-B53F-A8CFDC3E2875}
		{089B805A-96BD-4310-BEB1-484ED643F797} = {FF99026D-FE32-4898-83E8-857058F3A056}
		{AD86BBD3-369D-4166-8379-6AF8CC19C9FA} = {59BBDBF1-3341-465A-B51B-B2A9331C79E1}
	EndGlobalSection
	GlobalSection(ExtensibilityGlobals) = postSolution
		SolutionGuid = {736210C5-E711-4158-B080-F52ECBD9B9EB}
	EndGlobalSection
EndGlobal
