
Microsoft Visual Studio Solution File, Format Version 12.00
# Visual Studio Version 16
VisualStudioVersion = 16.0.30907.101
MinimumVisualStudioVersion = 10.0.40219.1
Project("{2150E333-8FDC-42A3-9474-1A3956D46DE8}") = "src", "src", "{D043E434-99F2-48FF-AD45-A463703EC7E9}"
EndProject
Project("{2150E333-8FDC-42A3-9474-1A3956D46DE8}") = "APIGateWays", "APIGateWays", "{B8A59E73-7CF8-4943-8442-A2937B4A466C}"
EndProject
Project("{2150E333-8FDC-42A3-9474-1A3956D46DE8}") = "Ocelot", "Ocelot", "{5AB213F2-2277-4441-980B-2C9B0ADBAC2E}"
EndProject
Project("{FAE04EC0-301F-11D3-BF4B-00C04F79EFBC}") = "Exam.APIGataway", "src\APIGateways\Ocelot\Exam.APIGataway\Exam.APIGataway.csproj", "{9B4952F2-6F1C-445E-931E-11050428AD3B}"
EndProject
Project("{2150E333-8FDC-42A3-9474-1A3956D46DE8}") = "Services", "Services", "{94CFACF7-988D-4C1D-9BDD-1206A5C36899}"
EndProject
Project("{2150E333-8FDC-42A3-9474-1A3956D46DE8}") = "City", "City", "{F8FF8D55-FF5F-464C-8A90-5B17BE3F681D}"
EndProject
Project("{2150E333-8FDC-42A3-9474-1A3956D46DE8}") = "County", "County", "{1A6107B6-5945-4278-934C-BA83EC041AF6}"
EndProject
Project("{FAE04EC0-301F-11D3-BF4B-00C04F79EFBC}") = "Exam.City", "Services\City\Exam.City\Exam.City.csproj", "{A1362E3F-8A26-4617-96A3-979E1C098DE5}"
EndProject
Project("{FAE04EC0-301F-11D3-BF4B-00C04F79EFBC}") = "Exam.County", "Services\County\Exam.County\Exam.County.csproj", "{9EB7F9AD-32F5-4E2D-BA27-6A48C33D9172}"
EndProject
Global
	GlobalSection(SolutionConfigurationPlatforms) = preSolution
		Debug|Any CPU = Debug|Any CPU
		Release|Any CPU = Release|Any CPU
	EndGlobalSection
	GlobalSection(ProjectConfigurationPlatforms) = postSolution
		{9B4952F2-6F1C-445E-931E-11050428AD3B}.Debug|Any CPU.ActiveCfg = Debug|Any CPU
		{9B4952F2-6F1C-445E-931E-11050428AD3B}.Debug|Any CPU.Build.0 = Debug|Any CPU
		{9B4952F2-6F1C-445E-931E-11050428AD3B}.Release|Any CPU.ActiveCfg = Release|Any CPU
		{9B4952F2-6F1C-445E-931E-11050428AD3B}.Release|Any CPU.Build.0 = Release|Any CPU
		{A1362E3F-8A26-4617-96A3-979E1C098DE5}.Debug|Any CPU.ActiveCfg = Debug|Any CPU
		{A1362E3F-8A26-4617-96A3-979E1C098DE5}.Debug|Any CPU.Build.0 = Debug|Any CPU
		{A1362E3F-8A26-4617-96A3-979E1C098DE5}.Release|Any CPU.ActiveCfg = Release|Any CPU
		{A1362E3F-8A26-4617-96A3-979E1C098DE5}.Release|Any CPU.Build.0 = Release|Any CPU
		{9EB7F9AD-32F5-4E2D-BA27-6A48C33D9172}.Debug|Any CPU.ActiveCfg = Debug|Any CPU
		{9EB7F9AD-32F5-4E2D-BA27-6A48C33D9172}.Debug|Any CPU.Build.0 = Debug|Any CPU
		{9EB7F9AD-32F5-4E2D-BA27-6A48C33D9172}.Release|Any CPU.ActiveCfg = Release|Any CPU
		{9EB7F9AD-32F5-4E2D-BA27-6A48C33D9172}.Release|Any CPU.Build.0 = Release|Any CPU
	EndGlobalSection
	GlobalSection(SolutionProperties) = preSolution
		HideSolutionNode = FALSE
	EndGlobalSection
	GlobalSection(NestedProjects) = preSolution
		{B8A59E73-7CF8-4943-8442-A2937B4A466C} = {D043E434-99F2-48FF-AD45-A463703EC7E9}
		{5AB213F2-2277-4441-980B-2C9B0ADBAC2E} = {B8A59E73-7CF8-4943-8442-A2937B4A466C}
		{9B4952F2-6F1C-445E-931E-11050428AD3B} = {5AB213F2-2277-4441-980B-2C9B0ADBAC2E}
		{94CFACF7-988D-4C1D-9BDD-1206A5C36899} = {D043E434-99F2-48FF-AD45-A463703EC7E9}
		{F8FF8D55-FF5F-464C-8A90-5B17BE3F681D} = {94CFACF7-988D-4C1D-9BDD-1206A5C36899}
		{1A6107B6-5945-4278-934C-BA83EC041AF6} = {94CFACF7-988D-4C1D-9BDD-1206A5C36899}
		{A1362E3F-8A26-4617-96A3-979E1C098DE5} = {F8FF8D55-FF5F-464C-8A90-5B17BE3F681D}
		{9EB7F9AD-32F5-4E2D-BA27-6A48C33D9172} = {1A6107B6-5945-4278-934C-BA83EC041AF6}
	EndGlobalSection
	GlobalSection(ExtensibilityGlobals) = postSolution
		SolutionGuid = {736210C5-E711-4158-B080-F52ECBD9B9EB}
	EndGlobalSection
EndGlobal
